{
  "name": "salus-ai",
  "version": "0.3.0",
  "lockfileVersion": 3,
  "requires": true,
  "packages": {
    "": {
      "name": "salus-ai",
      "version": "0.3.0",
      "license": "MIT",
      "bin": {
        "salus": "bin/cli.js",
        "salus-ai": "bin/cli.js",
        "salus-framework": "bin/cli.js"
      }
    }
  }
}
